
Microsoft Visual Studio Solution File, Format Version 12.00
# Visual Studio Version 17
VisualStudioVersion = 17.3.32804.467
MinimumVisualStudioVersion = 10.0.40219.1
Project("{FAE04EC0-301F-11D3-BF4B-00C04F79EFBC}") = "Engine", "Engine\Engine.csproj", "{0B75D0B3-4E73-4A2D-BDF8-EAD5F9CC697E}"
EndProject
Project("{FAE04EC0-301F-11D3-BF4B-00C04F79EFBC}") = "Engine.Tests", "Engine.Tests\Engine.Tests.csproj", "{775D79E3-346C-46F1-8DAC-2727B493A9AF}"
EndProject
Global
	GlobalSection(SolutionConfigurationPlatforms) = preSolution
		Debug|Any CPU = Debug|Any CPU
		Release|Any CPU = Release|Any CPU
	EndGlobalSection
	GlobalSection(ProjectConfigurationPlatforms) = postSolution
		{0B75D0B3-4E73-4A2D-BDF8-EAD5F9CC697E}.Debug|Any CPU.ActiveCfg = Debug|Any CPU
		{0B75D0B3-4E73-4A2D-BDF8-EAD5F9CC697E}.Debug|Any CPU.Build.0 = Debug|Any CPU
		{0B75D0B3-4E73-4A2D-BDF8-EAD5F9CC697E}.Release|Any CPU.ActiveCfg = Release|Any CPU
		{0B75D0B3-4E73-4A2D-BDF8-EAD5F9CC697E}.Release|Any CPU.Build.0 = Release|Any CPU
		{775D79E3-346C-46F1-8DAC-2727B493A9AF}.Debug|Any CPU.ActiveCfg = Debug|Any CPU
		{775D79E3-346C-46F1-8DAC-2727B493A9AF}.Debug|Any CPU.Build.0 = Debug|Any CPU
		{775D79E3-346C-46F1-8DAC-2727B493A9AF}.Release|Any CPU.ActiveCfg = Release|Any CPU
		{775D79E3-346C-46F1-8DAC-2727B493A9AF}.Release|Any CPU.Build.0 = Release|Any CPU
	EndGlobalSection
	GlobalSection(SolutionProperties) = preSolution
		HideSolutionNode = FALSE
	EndGlobalSection
	GlobalSection(ExtensibilityGlobals) = postSolution
		SolutionGuid = {002F2B51-A124-46C9-AD91-28356FB3B93C}
	EndGlobalSection
EndGlobal
